
Microsoft Visual Studio Solution File, Format Version 12.00
# Visual Studio Version 17
VisualStudioVersion = 17.11.35208.52
MinimumVisualStudioVersion = 10.0.40219.1
Project("{FAE04EC0-301F-11D3-BF4B-00C04F79EFBC}") = "Exceptions", "Exceptions.csproj", "{2A020431-28A6-4D5F-BEA9-F66694BC4025}"
EndProject
Global
	GlobalSection(SolutionConfigurationPlatforms) = preSolution
		Debug|Any CPU = Debug|Any CPU
		Release|Any CPU = Release|Any CPU
	EndGlobalSection
	GlobalSection(ProjectConfigurationPlatforms) = postSolution
		{2A020431-28A6-4D5F-BEA9-F66694BC4025}.Debug|Any CPU.ActiveCfg = Debug|Any CPU
		{2A020431-28A6-4D5F-BEA9-F66694BC4025}.Debug|Any CPU.Build.0 = Debug|Any CPU
		{2A020431-28A6-4D5F-BEA9-F66694BC4025}.Release|Any CPU.ActiveCfg = Release|Any CPU
		{2A020431-28A6-4D5F-BEA9-F66694BC4025}.Release|Any CPU.Build.0 = Release|Any CPU
	EndGlobalSection
	GlobalSection(SolutionProperties) = preSolution
		HideSolutionNode = FALSE
	EndGlobalSection
	GlobalSection(ExtensibilityGlobals) = postSolution
		SolutionGuid = {F3E7D3D3-EB88-48C2-9A1B-D5702B544C1B}
	EndGlobalSection
EndGlobal
